{
  "name": "serverless",
  "lockfileVersion": 3,
  "requires": true,
  "packages": {
    "": {
      "dependencies": {
        "serverless-package-python-functions": "^0.7.0"
      }
    },
    "node_modules/async": {
      "version": "1.5.2",
      "resolved": "https://registry.npmjs.org/async/-/async-1.5.2.tgz",
      "integrity": "sha512-nSVgobk4rv61R9PUSDtYt7mPVB2olxNR5RWJcAsH676/ef11bUZwvu7+RGYrYauVdDPcO519v68wRhXQtxsV9w=="
    },
    "node_modules/bluebird": {
      "version": "3.7.2",
      "resolved": "https://registry.npmjs.org/bluebird/-/bluebird-3.7.2.tgz",
      "integrity": "sha512-XpNj6GDQzdfW+r2Wnn7xiSAd7TM3jzkxGXBGTtWKuSXv1xUV+azxAm8jdWZN06QTQk+2N2XB9jRDkvbmQmcRtg=="
    },
    "node_modules/fs-extra": {
      "version": "3.0.1",
      "resolved": "https://registry.npmjs.org/fs-extra/-/fs-extra-3.0.1.tgz",
      "integrity": "sha512-V3Z3WZWVUYd8hoCL5xfXJCaHWYzmtwW5XWYSlLgERi8PWd8bx1kUHUk8L1BT57e49oKnDDD180mjfrHc1yA9rg==",
      "dependencies": {
        "graceful-fs": "^4.1.2",
        "jsonfile": "^3.0.0",
        "universalify": "^0.1.0"
      }
    },
    "node_modules/graceful-fs": {
      "version": "4.2.11",
      "resolved": "https://registry.npmjs.org/graceful-fs/-/graceful-fs-4.2.11.tgz",
      "integrity": "sha512-RbJ5/jmFcNNCcDV5o9eTnBLJ/HszWV0P73bc+Ff4nS/rJj+YaS6IGyiOL0VoBYX+l1Wrl3k63h/KrH+nhJ0XvQ=="
    },
    "node_modules/jsonfile": {
      "version": "3.0.1",
      "resolved": "https://registry.npmjs.org/jsonfile/-/jsonfile-3.0.1.tgz",
      "integrity": "sha512-oBko6ZHlubVB5mRFkur5vgYR1UyqX+S6Y/oCfLhqNdcc2fYFlDpIoNc7AfKS1KOGcnNAkvsr0grLck9ANM815w==",
      "optionalDependencies": {
        "graceful-fs": "^4.1.6"
      }
    },
    "node_modules/jszip": {
      "version": "2.7.0",
      "resolved": "https://registry.npmjs.org/jszip/-/jszip-2.7.0.tgz",
      "integrity": "sha512-JIsRKRVC3gTRo2vM4Wy9WBC3TRcfnIZU8k65Phi3izkvPH975FowRYtKGT6PxevA0XnJ/yO8b0QwV0ydVyQwfw==",
      "dependencies": {
        "pako": "~1.0.2"
      }
    },
    "node_modules/lodash": {
      "version": "4.17.21",
      "resolved": "https://registry.npmjs.org/lodash/-/lodash-4.17.21.tgz",
      "integrity": "sha512-v2kDEe57lecTulaDIuNTPy3Ry4gLGJ6Z1O3vE1krgXZNrsQ+LFTGHVxVjcXPs17LhbZVGedAJv8XZ1tvj5FvSg=="
    },
    "node_modules/pako": {
      "version": "1.0.11",
      "resolved": "https://registry.npmjs.org/pako/-/pako-1.0.11.tgz",
      "integrity": "sha512-4hLB8Py4zZce5s4yd9XzopqwVv/yGNhV1Bl8NTmCq1763HeK2+EwVTv+leGeL13Dnh2wfbqowVPXCIO0z4taYw=="
    },
    "node_modules/q": {
      "version": "1.5.1",
      "resolved": "https://registry.npmjs.org/q/-/q-1.5.1.tgz",
      "integrity": "sha512-kV/CThkXo6xyFEZUugw/+pIOywXcDbFYgSct5cT3gqlbkBE1SJdwy6UQoZvodiWF/ckQLZyDE/Bu1M6gVu5lVw==",
      "engines": {
        "node": ">=0.6.0",
        "teleport": ">=0.2.0"
      }
    },
    "node_modules/readline-sync": {
      "version": "1.4.10",
      "resolved": "https://registry.npmjs.org/readline-sync/-/readline-sync-1.4.10.tgz",
      "integrity": "sha512-gNva8/6UAe8QYepIQH/jQ2qn91Qj0B9sYjMBBs3QOB8F2CXcKgLxQaJRP76sWVRQt+QU+8fAkCbCvjjMFu7Ycw==",
      "engines": {
        "node": ">= 0.8.0"
      }
    },
    "node_modules/serverless-package-python-functions": {
      "version": "0.7.0",
      "resolved": "https://registry.npmjs.org/serverless-package-python-functions/-/serverless-package-python-functions-0.7.0.tgz",
      "integrity": "sha512-T54Dz1DzZW9WCS8MdbHh0iaRVNUz9Ca/7HPrCz3ozA9waCJl9Ja4LfgA9QQBiMWYBK3bevV/87gedJwFO2PxiQ==",
      "dependencies": {
        "bluebird": "^3.5.0",
        "fs-extra": "^3.0.0",
        "lodash": "^4.17.11",
        "readline-sync": "^1.4.10",
        "upath": "^1.1.0",
        "zip-local": "^0.3.4"
      }
    },
    "node_modules/universalify": {
      "version": "0.1.2",
      "resolved": "https://registry.npmjs.org/universalify/-/universalify-0.1.2.tgz",
      "integrity": "sha512-rBJeI5CXAlmy1pV+617WB9J63U6XcazHHF2f2dbJix4XzpUF0RS3Zbj0FGIOCAva5P/d/GBOYaACQ1w+0azUkg==",
      "engines": {
        "node": ">= 4.0.0"
      }
    },
    "node_modules/upath": {
      "version": "1.2.0",
      "resolved": "https://registry.npmjs.org/upath/-/upath-1.2.0.tgz",
      "integrity": "sha512-aZwGpamFO61g3OlfT7OQCHqhGnW43ieH9WZeP7QxN/G/jS4jfqUkZxoryvJgVPEcrl5NL/ggHsSmLMHuH64Lhg==",
      "engines": {
        "node": ">=4",
        "yarn": "*"
      }
    },
    "node_modules/zip-local": {
      "version": "0.3.5",
      "resolved": "https://registry.npmjs.org/zip-local/-/zip-local-0.3.5.tgz",
      "integrity": "sha512-GRV3D5TJY+/PqyeRm5CYBs7xVrKTKzljBoEXvocZu0HJ7tPEcgpSOYa2zFIsCZWgKWMuc4U3yMFgFkERGFIB9w==",
      "dependencies": {
        "async": "^1.4.2",
        "graceful-fs": "^4.1.3",
        "jszip": "^2.6.1",
        "q": "^1.4.1"
      }
    }
  }
}
